{
  "originHash" : "242414361e8c8c59cfe792f7ba9d44f0ba42fd79ae8f266b7d4ed4977d672ef9",
  "pins" : [
    {
      "identity" : "agorartm_apple",
      "kind" : "remoteSourceControl",
      "location" : "https://github.com/AgoraIO/AgoraRtm_Apple.git",
      "state" : {
        "branch" : "2.2.5_lite",
        "revision" : "442aa74e8fa356a6efeadec93878c6e4e083dd2a"
      }
    }
  ],
  "version" : 3
}
